
Microsoft Visual Studio Solution File, Format Version 12.00
# Visual Studio Version 16
VisualStudioVersion = 16.0.32106.194
MinimumVisualStudioVersion = 10.0.40219.1
Project("{FAE04EC0-301F-11D3-BF4B-00C04F79EFBC}") = "APP00", "APP00\APP00.csproj", "{F950E031-1F7A-4C9B-8B3F-69D0146B1AFA}"
EndProject
Global
	GlobalSection(SolutionConfigurationPlatforms) = preSolution
		Debug|Any CPU = Debug|Any CPU
		Release|Any CPU = Release|Any CPU
	EndGlobalSection
	GlobalSection(ProjectConfigurationPlatforms) = postSolution
		{F950E031-1F7A-4C9B-8B3F-69D0146B1AFA}.Debug|Any CPU.ActiveCfg = Debug|Any CPU
		{F950E031-1F7A-4C9B-8B3F-69D0146B1AFA}.Debug|Any CPU.Build.0 = Debug|Any CPU
		{F950E031-1F7A-4C9B-8B3F-69D0146B1AFA}.Release|Any CPU.ActiveCfg = Release|Any CPU
		{F950E031-1F7A-4C9B-8B3F-69D0146B1AFA}.Release|Any CPU.Build.0 = Release|Any CPU
	EndGlobalSection
	GlobalSection(SolutionProperties) = preSolution
		HideSolutionNode = FALSE
	EndGlobalSection
	GlobalSection(ExtensibilityGlobals) = postSolution
		SolutionGuid = {E36FD379-9220-4D13-827C-A36ACDDE5AFF}
	EndGlobalSection
EndGlobal
